
Microsoft Visual Studio Solution File, Format Version 12.00
# Visual Studio Version 16
VisualStudioVersion = 16.0.29424.173
MinimumVisualStudioVersion = 10.0.40219.1
Project("{FAE04EC0-301F-11D3-BF4B-00C04F79EFBC}") = "ConsoleApp", "ConsoleApp\ConsoleApp.csproj", "{E5212BC5-9A55-463C-813C-BE70F4B47E5A}"
EndProject
Global
	GlobalSection(SolutionConfigurationPlatforms) = preSolution
		Debug|Any CPU = Debug|Any CPU
		Release|Any CPU = Release|Any CPU
	EndGlobalSection
	GlobalSection(ProjectConfigurationPlatforms) = postSolution
		{E5212BC5-9A55-463C-813C-BE70F4B47E5A}.Debug|Any CPU.ActiveCfg = Debug|Any CPU
		{E5212BC5-9A55-463C-813C-BE70F4B47E5A}.Debug|Any CPU.Build.0 = Debug|Any CPU
		{E5212BC5-9A55-463C-813C-BE70F4B47E5A}.Release|Any CPU.ActiveCfg = Release|Any CPU
		{E5212BC5-9A55-463C-813C-BE70F4B47E5A}.Release|Any CPU.Build.0 = Release|Any CPU
	EndGlobalSection
	GlobalSection(SolutionProperties) = preSolution
		HideSolutionNode = FALSE
	EndGlobalSection
	GlobalSection(ExtensibilityGlobals) = postSolution
		SolutionGuid = {F38A3225-F7D5-4A0C-8702-E532F546F697}
	EndGlobalSection
EndGlobal
